// !$*UTF8*$!
{
	archiveVersion = 1;
	classes = {
	};
	objectVersion = 46;
	objects = {

/* Begin PBXBuildFile section */
		6023B23D1C27D20F006F2562 /* libsqlite3.tbd in Frameworks */ = {isa = PBXBuildFile; fileRef = 6023B23C1C27D20F006F2562 /* libsqlite3.tbd */; };
		6023B23F1C27D218006F2562 /* libz.tbd in Frameworks */ = {isa = PBXBuildFile; fileRef = 6023B23E1C27D218006F2562 /* libz.tbd */; };
		60796EE619190F4100A9926B /* Foundation.framework in Frameworks */ = {isa = PBXBuildFile; fileRef = 60796EE519190F4100A9926B /* Foundation.framework */; };
		60796EE819190F4100A9926B /* CoreGraphics.framework in Frameworks */ = {isa = PBXBuildFile; fileRef = 60796EE719190F4100A9926B /* CoreGraphics.framework */; };
		60796EEA19190F4100A9926B /* UIKit.framework in Frameworks */ = {isa = PBXBuildFile; fileRef = 60796EE919190F4100A9926B /* UIKit.framework */; };
		60796EF019190F4100A9926B /* InfoPlist.strings in Resources */ = {isa = PBXBuildFile; fileRef = 60796EEE19190F4100A9926B /* InfoPlist.strings */; };
		60796EF219190F4100A9926B /* main.m in Sources */ = {isa = PBXBuildFile; fileRef = 60796EF119190F4100A9926B /* main.m */; };
		60796EF819190F4100A9926B /* Images.xcassets in Resources */ = {isa = PBXBuildFile; fileRef = 60796EF719190F4100A9926B /* Images.xcassets */; };
		60796F39191CDBBA00A9926B /* CoreFoundation.framework in Frameworks */ = {isa = PBXBuildFile; fileRef = 60796F38191CDBBA00A9926B /* CoreFoundation.framework */; };
		A62BEDE71EE1A44A00C75521 /* bzip2 in Frameworks */ = {isa = PBXBuildFile; fileRef = A62BED181EE1A44A00C75521 /* bzip2 */; };
		A62BEDE81EE1A44A00C75521 /* OpenSSL in Frameworks */ = {isa = PBXBuildFile; fileRef = A62BED691EE1A44A00C75521 /* OpenSSL */; };
		A62BEDE91EE1A44A00C75521 /* Python in Frameworks */ = {isa = PBXBuildFile; fileRef = A62BEDD31EE1A44A00C75521 /* Python */; };
		A62BEDEA1EE1A44A00C75521 /* xz in Frameworks */ = {isa = PBXBuildFile; fileRef = A62BEDE61EE1A44A00C75521 /* xz */; };
		A6FDDE8F1EE10B3E00DF515B /* app in Resources */ = {isa = PBXBuildFile; fileRef = A6FDDE8D1EE10B3E00DF515B /* app */; };
		A6FDDE901EE10B3F00DF515B /* app_packages in Resources */ = {isa = PBXBuildFile; fileRef = A6FDDE8E1EE10B3E00DF515B /* app_packages */; };
/* End PBXBuildFile section */

/* Begin PBXFileReference section */
		6023B23C1C27D20F006F2562 /* libsqlite3.tbd */ = {isa = PBXFileReference; lastKnownFileType = "sourcecode.text-based-dylib-definition"; name = libsqlite3.tbd; path = usr/lib/libsqlite3.tbd; sourceTree = SDKROOT; };
		6023B23E1C27D218006F2562 /* libz.tbd */ = {isa = PBXFileReference; lastKnownFileType = "sourcecode.text-based-dylib-definition"; name = libz.tbd; path = usr/lib/libz.tbd; sourceTree = SDKROOT; };
		60796EE219190F4100A9926B /* HelloPython.app */ = {isa = PBXFileReference; explicitFileType = wrapper.application; includeInIndex = 0; path = HelloPython.app; sourceTree = BUILT_PRODUCTS_DIR; };
		60796EE519190F4100A9926B /* Foundation.framework */ = {isa = PBXFileReference; lastKnownFileType = wrapper.framework; name = Foundation.framework; path = System/Library/Frameworks/Foundation.framework; sourceTree = SDKROOT; };
		60796EE719190F4100A9926B /* CoreGraphics.framework */ = {isa = PBXFileReference; lastKnownFileType = wrapper.framework; name = CoreGraphics.framework; path = System/Library/Frameworks/CoreGraphics.framework; sourceTree = SDKROOT; };
		60796EE919190F4100A9926B /* UIKit.framework */ = {isa = PBXFileReference; lastKnownFileType = wrapper.framework; name = UIKit.framework; path = System/Library/Frameworks/UIKit.framework; sourceTree = SDKROOT; };
		60796EED19190F4100A9926B /* HelloPython-Info.plist */ = {isa = PBXFileReference; lastKnownFileType = text.plist.xml; path = "HelloPython-Info.plist"; sourceTree = "<group>"; };
		60796EEF19190F4100A9926B /* en */ = {isa = PBXFileReference; lastKnownFileType = text.plist.strings; name = en; path = en.lproj/InfoPlist.strings; sourceTree = "<group>"; };
		60796EF119190F4100A9926B /* main.m */ = {isa = PBXFileReference; lastKnownFileType = sourcecode.c.objc; path = main.m; sourceTree = "<group>"; };
		60796EF319190F4100A9926B /* HelloPython-Prefix.pch */ = {isa = PBXFileReference; lastKnownFileType = sourcecode.c.h; path = "HelloPython-Prefix.pch"; sourceTree = "<group>"; };
		60796EF719190F4100A9926B /* Images.xcassets */ = {isa = PBXFileReference; lastKnownFileType = folder.assetcatalog; path = Images.xcassets; sourceTree = "<group>"; };
		60796F38191CDBBA00A9926B /* CoreFoundation.framework */ = {isa = PBXFileReference; lastKnownFileType = wrapper.framework; name = CoreFoundation.framework; path = System/Library/Frameworks/CoreFoundation.framework; sourceTree = SDKROOT; };
		A62BED181EE1A44A00C75521 /* bzip2 */ = {isa = PBXFileReference; lastKnownFileType = archive.ar; path = bzip2; sourceTree = "<group>"; };
		A62BED1A1EE1A44A00C75521 /* bzlib.h */ = {isa = PBXFileReference; fileEncoding = 4; lastKnownFileType = sourcecode.c.h; path = bzlib.h; sourceTree = "<group>"; };
		A62BED1E1EE1A44A00C75521 /* aes.h */ = {isa = PBXFileReference; fileEncoding = 4; lastKnownFileType = sourcecode.c.h; path = aes.h; sourceTree = "<group>"; };
		A62BED1F1EE1A44A00C75521 /* asn1.h */ = {isa = PBXFileReference; fileEncoding = 4; lastKnownFileType = sourcecode.c.h; path = asn1.h; sourceTree = "<group>"; };
		A62BED201EE1A44A00C75521 /* asn1_mac.h */ = {isa = PBXFileReference; fileEncoding = 4; lastKnownFileType = sourcecode.c.h; path = asn1_mac.h; sourceTree = "<group>"; };
		A62BED211EE1A44A00C75521 /* asn1t.h */ = {isa = PBXFileReference; fileEncoding = 4; lastKnownFileType = sourcecode.c.h; path = asn1t.h; sourceTree = "<group>"; };
		A62BED221EE1A44A00C75521 /* bio.h */ = {isa = PBXFileReference; fileEncoding = 4; lastKnownFileType = sourcecode.c.h; path = bio.h; sourceTree = "<group>"; };
		A62BED231EE1A44A00C75521 /* blowfish.h */ = {isa = PBXFileReference; fileEncoding = 4; lastKnownFileType = sourcecode.c.h; path = blowfish.h; sourceTree = "<group>"; };
		A62BED241EE1A44A00C75521 /* bn.h */ = {isa = PBXFileReference; fileEncoding = 4; lastKnownFileType = sourcecode.c.h; path = bn.h; sourceTree = "<group>"; };
		A62BED251EE1A44A00C75521 /* buffer.h */ = {isa = PBXFileReference; fileEncoding = 4; lastKnownFileType = sourcecode.c.h; path = buffer.h; sourceTree = "<group>"; };
		A62BED261EE1A44A00C75521 /* camellia.h */ = {isa = PBXFileReference; fileEncoding = 4; lastKnownFileType = sourcecode.c.h; path = camellia.h; sourceTree = "<group>"; };
		A62BED271EE1A44A00C75521 /* cast.h */ = {isa = PBXFileReference; fileEncoding = 4; lastKnownFileType = sourcecode.c.h; path = cast.h; sourceTree = "<group>"; };
		A62BED281EE1A44A00C75521 /* cmac.h */ = {isa = PBXFileReference; fileEncoding = 4; lastKnownFileType = sourcecode.c.h; path = cmac.h; sourceTree = "<group>"; };
		A62BED291EE1A44A00C75521 /* cms.h */ = {isa = PBXFileReference; fileEncoding = 4; lastKnownFileType = sourcecode.c.h; path = cms.h; sourceTree = "<group>"; };
		A62BED2A1EE1A44A00C75521 /* comp.h */ = {isa = PBXFileReference; fileEncoding = 4; lastKnownFileType = sourcecode.c.h; path = comp.h; sourceTree = "<group>"; };
		A62BED2B1EE1A44A00C75521 /* conf.h */ = {isa = PBXFileReference; fileEncoding = 4; lastKnownFileType = sourcecode.c.h; path = conf.h; sourceTree = "<group>"; };
		A62BED2C1EE1A44A00C75521 /* conf_api.h */ = {isa = PBXFileReference; fileEncoding = 4; lastKnownFileType = sourcecode.c.h; path = conf_api.h; sourceTree = "<group>"; };
		A62BED2D1EE1A44A00C75521 /* crypto.h */ = {isa = PBXFileReference; fileEncoding = 4; lastKnownFileType = sourcecode.c.h; path = crypto.h; sourceTree = "<group>"; };
		A62BED2E1EE1A44A00C75521 /* des.h */ = {isa = PBXFileReference; fileEncoding = 4; lastKnownFileType = sourcecode.c.h; path = des.h; sourceTree = "<group>"; };
		A62BED2F1EE1A44A00C75521 /* des_old.h */ = {isa = PBXFileReference; fileEncoding = 4; lastKnownFileType = sourcecode.c.h; path = des_old.h; sourceTree = "<group>"; };
		A62BED301EE1A44A00C75521 /* dh.h */ = {isa = PBXFileReference; fileEncoding = 4; lastKnownFileType = sourcecode.c.h; path = dh.h; sourceTree = "<group>"; };
		A62BED311EE1A44A00C75521 /* dsa.h */ = {isa = PBXFileReference; fileEncoding = 4; lastKnownFileType = sourcecode.c.h; path = dsa.h; sourceTree = "<group>"; };
		A62BED321EE1A44A00C75521 /* dso.h */ = {isa = PBXFileReference; fileEncoding = 4; lastKnownFileType = sourcecode.c.h; path = dso.h; sourceTree = "<group>"; };
		A62BED331EE1A44A00C75521 /* dtls1.h */ = {isa = PBXFileReference; fileEncoding = 4; lastKnownFileType = sourcecode.c.h; path = dtls1.h; sourceTree = "<group>"; };
		A62BED341EE1A44A00C75521 /* e_os2.h */ = {isa = PBXFileReference; fileEncoding = 4; lastKnownFileType = sourcecode.c.h; path = e_os2.h; sourceTree = "<group>"; };
		A62BED351EE1A44A00C75521 /* ebcdic.h */ = {isa = PBXFileReference; fileEncoding = 4; lastKnownFileType = sourcecode.c.h; path = ebcdic.h; sourceTree = "<group>"; };
		A62BED361EE1A44A00C75521 /* ec.h */ = {isa = PBXFileReference; fileEncoding = 4; lastKnownFileType = sourcecode.c.h; path = ec.h; sourceTree = "<group>"; };
		A62BED371EE1A44A00C75521 /* ecdh.h */ = {isa = PBXFileReference; fileEncoding = 4; lastKnownFileType = sourcecode.c.h; path = ecdh.h; sourceTree = "<group>"; };
		A62BED381EE1A44A00C75521 /* ecdsa.h */ = {isa = PBXFileReference; fileEncoding = 4; lastKnownFileType = sourcecode.c.h; path = ecdsa.h; sourceTree = "<group>"; };
		A62BED391EE1A44A00C75521 /* engine.h */ = {isa = PBXFileReference; fileEncoding = 4; lastKnownFileType = sourcecode.c.h; path = engine.h; sourceTree = "<group>"; };
		A62BED3A1EE1A44A00C75521 /* err.h */ = {isa = PBXFileReference; fileEncoding = 4; lastKnownFileType = sourcecode.c.h; path = err.h; sourceTree = "<group>"; };
		A62BED3B1EE1A44A00C75521 /* evp.h */ = {isa = PBXFileReference; fileEncoding = 4; lastKnownFileType = sourcecode.c.h; path = evp.h; sourceTree = "<group>"; };
		A62BED3C1EE1A44A00C75521 /* hmac.h */ = {isa = PBXFileReference; fileEncoding = 4; lastKnownFileType = sourcecode.c.h; path = hmac.h; sourceTree = "<group>"; };
		A62BED3D1EE1A44A00C75521 /* idea.h */ = {isa = PBXFileReference; fileEncoding = 4; lastKnownFileType = sourcecode.c.h; path = idea.h; sourceTree = "<group>"; };
		A62BED3E1EE1A44A00C75521 /* krb5_asn.h */ = {isa = PBXFileReference; fileEncoding = 4; lastKnownFileType = sourcecode.c.h; path = krb5_asn.h; sourceTree = "<group>"; };
		A62BED3F1EE1A44A00C75521 /* kssl.h */ = {isa = PBXFileReference; fileEncoding = 4; lastKnownFileType = sourcecode.c.h; path = kssl.h; sourceTree = "<group>"; };
		A62BED401EE1A44A00C75521 /* lhash.h */ = {isa = PBXFileReference; fileEncoding = 4; lastKnownFileType = sourcecode.c.h; path = lhash.h; sourceTree = "<group>"; };
		A62BED411EE1A44A00C75521 /* md4.h */ = {isa = PBXFileReference; fileEncoding = 4; lastKnownFileType = sourcecode.c.h; path = md4.h; sourceTree = "<group>"; };
		A62BED421EE1A44A00C75521 /* md5.h */ = {isa = PBXFileReference; fileEncoding = 4; lastKnownFileType = sourcecode.c.h; path = md5.h; sourceTree = "<group>"; };
		A62BED431EE1A44A00C75521 /* mdc2.h */ = {isa = PBXFileReference; fileEncoding = 4; lastKnownFileType = sourcecode.c.h; path = mdc2.h; sourceTree = "<group>"; };
		A62BED441EE1A44A00C75521 /* modes.h */ = {isa = PBXFileReference; fileEncoding = 4; lastKnownFileType = sourcecode.c.h; path = modes.h; sourceTree = "<group>"; };
		A62BED451EE1A44A00C75521 /* obj_mac.h */ = {isa = PBXFileReference; fileEncoding = 4; lastKnownFileType = sourcecode.c.h; path = obj_mac.h; sourceTree = "<group>"; };
		A62BED461EE1A44A00C75521 /* objects.h */ = {isa = PBXFileReference; fileEncoding = 4; lastKnownFileType = sourcecode.c.h; path = objects.h; sourceTree = "<group>"; };
		A62BED471EE1A44A00C75521 /* ocsp.h */ = {isa = PBXFileReference; fileEncoding = 4; lastKnownFileType = sourcecode.c.h; path = ocsp.h; sourceTree = "<group>"; };
		A62BED481EE1A44A00C75521 /* opensslconf.h */ = {isa = PBXFileReference; fileEncoding = 4; lastKnownFileType = sourcecode.c.h; path = opensslconf.h; sourceTree = "<group>"; };
		A62BED491EE1A44A00C75521 /* opensslv.h */ = {isa = PBXFileReference; fileEncoding = 4; lastKnownFileType = sourcecode.c.h; path = opensslv.h; sourceTree = "<group>"; };
		A62BED4A1EE1A44A00C75521 /* ossl_typ.h */ = {isa = PBXFileReference; fileEncoding = 4; lastKnownFileType = sourcecode.c.h; path = ossl_typ.h; sourceTree = "<group>"; };
		A62BED4B1EE1A44A00C75521 /* pem.h */ = {isa = PBXFileReference; fileEncoding = 4; lastKnownFileType = sourcecode.c.h; path = pem.h; sourceTree = "<group>"; };
		A62BED4C1EE1A44A00C75521 /* pem2.h */ = {isa = PBXFileReference; fileEncoding = 4; lastKnownFileType = sourcecode.c.h; path = pem2.h; sourceTree = "<group>"; };
		A62BED4D1EE1A44A00C75521 /* pkcs12.h */ = {isa = PBXFileReference; fileEncoding = 4; lastKnownFileType = sourcecode.c.h; path = pkcs12.h; sourceTree = "<group>"; };
		A62BED4E1EE1A44A00C75521 /* pkcs7.h */ = {isa = PBXFileReference; fileEncoding = 4; lastKnownFileType = sourcecode.c.h; path = pkcs7.h; sourceTree = "<group>"; };
		A62BED4F1EE1A44A00C75521 /* pqueue.h */ = {isa = PBXFileReference; fileEncoding = 4; lastKnownFileType = sourcecode.c.h; path = pqueue.h; sourceTree = "<group>"; };
		A62BED501EE1A44A00C75521 /* rand.h */ = {isa = PBXFileReference; fileEncoding = 4; lastKnownFileType = sourcecode.c.h; path = rand.h; sourceTree = "<group>"; };
		A62BED511EE1A44A00C75521 /* rc2.h */ = {isa = PBXFileReference; fileEncoding = 4; lastKnownFileType = sourcecode.c.h; path = rc2.h; sourceTree = "<group>"; };
		A62BED521EE1A44A00C75521 /* rc4.h */ = {isa = PBXFileReference; fileEncoding = 4; lastKnownFileType = sourcecode.c.h; path = rc4.h; sourceTree = "<group>"; };
		A62BED531EE1A44A00C75521 /* ripemd.h */ = {isa = PBXFileReference; fileEncoding = 4; lastKnownFileType = sourcecode.c.h; path = ripemd.h; sourceTree = "<group>"; };
		A62BED541EE1A44A00C75521 /* rsa.h */ = {isa = PBXFileReference; fileEncoding = 4; lastKnownFileType = sourcecode.c.h; path = rsa.h; sourceTree = "<group>"; };
		A62BED551EE1A44A00C75521 /* safestack.h */ = {isa = PBXFileReference; fileEncoding = 4; lastKnownFileType = sourcecode.c.h; path = safestack.h; sourceTree = "<group>"; };
		A62BED561EE1A44A00C75521 /* seed.h */ = {isa = PBXFileReference; fileEncoding = 4; lastKnownFileType = sourcecode.c.h; path = seed.h; sourceTree = "<group>"; };
		A62BED571EE1A44A00C75521 /* sha.h */ = {isa = PBXFileReference; fileEncoding = 4; lastKnownFileType = sourcecode.c.h; path = sha.h; sourceTree = "<group>"; };
		A62BED581EE1A44A00C75521 /* srp.h */ = {isa = PBXFileReference; fileEncoding = 4; lastKnownFileType = sourcecode.c.h; path = srp.h; sourceTree = "<group>"; };
		A62BED591EE1A44A00C75521 /* srtp.h */ = {isa = PBXFileReference; fileEncoding = 4; lastKnownFileType = sourcecode.c.h; path = srtp.h; sourceTree = "<group>"; };
		A62BED5A1EE1A44A00C75521 /* ssl.h */ = {isa = PBXFileReference; fileEncoding = 4; lastKnownFileType = sourcecode.c.h; path = ssl.h; sourceTree = "<group>"; };
		A62BED5B1EE1A44A00C75521 /* ssl2.h */ = {isa = PBXFileReference; fileEncoding = 4; lastKnownFileType = sourcecode.c.h; path = ssl2.h; sourceTree = "<group>"; };
		A62BED5C1EE1A44A00C75521 /* ssl23.h */ = {isa = PBXFileReference; fileEncoding = 4; lastKnownFileType = sourcecode.c.h; path = ssl23.h; sourceTree = "<group>"; };
		A62BED5D1EE1A44A00C75521 /* ssl3.h */ = {isa = PBXFileReference; fileEncoding = 4; lastKnownFileType = sourcecode.c.h; path = ssl3.h; sourceTree = "<group>"; };
		A62BED5E1EE1A44A00C75521 /* stack.h */ = {isa = PBXFileReference; fileEncoding = 4; lastKnownFileType = sourcecode.c.h; path = stack.h; sourceTree = "<group>"; };
		A62BED5F1EE1A44A00C75521 /* symhacks.h */ = {isa = PBXFileReference; fileEncoding = 4; lastKnownFileType = sourcecode.c.h; path = symhacks.h; sourceTree = "<group>"; };
		A62BED601EE1A44A00C75521 /* tls1.h */ = {isa = PBXFileReference; fileEncoding = 4; lastKnownFileType = sourcecode.c.h; path = tls1.h; sourceTree = "<group>"; };
		A62BED611EE1A44A00C75521 /* ts.h */ = {isa = PBXFileReference; fileEncoding = 4; lastKnownFileType = sourcecode.c.h; path = ts.h; sourceTree = "<group>"; };
		A62BED621EE1A44A00C75521 /* txt_db.h */ = {isa = PBXFileReference; fileEncoding = 4; lastKnownFileType = sourcecode.c.h; path = txt_db.h; sourceTree = "<group>"; };
		A62BED631EE1A44A00C75521 /* ui.h */ = {isa = PBXFileReference; fileEncoding = 4; lastKnownFileType = sourcecode.c.h; path = ui.h; sourceTree = "<group>"; };
		A62BED641EE1A44A00C75521 /* ui_compat.h */ = {isa = PBXFileReference; fileEncoding = 4; lastKnownFileType = sourcecode.c.h; path = ui_compat.h; sourceTree = "<group>"; };
		A62BED651EE1A44A00C75521 /* whrlpool.h */ = {isa = PBXFileReference; fileEncoding = 4; lastKnownFileType = sourcecode.c.h; path = whrlpool.h; sourceTree = "<group>"; };
		A62BED661EE1A44A00C75521 /* x509.h */ = {isa = PBXFileReference; fileEncoding = 4; lastKnownFileType = sourcecode.c.h; path = x509.h; sourceTree = "<group>"; };
		A62BED671EE1A44A00C75521 /* x509_vfy.h */ = {isa = PBXFileReference; fileEncoding = 4; lastKnownFileType = sourcecode.c.h; path = x509_vfy.h; sourceTree = "<group>"; };
		A62BED681EE1A44A00C75521 /* x509v3.h */ = {isa = PBXFileReference; fileEncoding = 4; lastKnownFileType = sourcecode.c.h; path = x509v3.h; sourceTree = "<group>"; };
		A62BED691EE1A44A00C75521 /* OpenSSL */ = {isa = PBXFileReference; lastKnownFileType = archive.ar; path = OpenSSL; sourceTree = "<group>"; };
		A62BED6C1EE1A44A00C75521 /* abstract.h */ = {isa = PBXFileReference; fileEncoding = 4; lastKnownFileType = sourcecode.c.h; path = abstract.h; sourceTree = "<group>"; };
		A62BED6D1EE1A44A00C75521 /* accu.h */ = {isa = PBXFileReference; fileEncoding = 4; lastKnownFileType = sourcecode.c.h; path = accu.h; sourceTree = "<group>"; };
		A62BED6E1EE1A44A00C75521 /* asdl.h */ = {isa = PBXFileReference; fileEncoding = 4; lastKnownFileType = sourcecode.c.h; path = asdl.h; sourceTree = "<group>"; };
		A62BED6F1EE1A44A00C75521 /* ast.h */ = {isa = PBXFileReference; fileEncoding = 4; lastKnownFileType = sourcecode.c.h; path = ast.h; sourceTree = "<group>"; };
		A62BED701EE1A44A00C75521 /* bitset.h */ = {isa = PBXFileReference; fileEncoding = 4; lastKnownFileType = sourcecode.c.h; path = bitset.h; sourceTree = "<group>"; };
		A62BED711EE1A44A00C75521 /* bltinmodule.h */ = {isa = PBXFileReference; fileEncoding = 4; lastKnownFileType = sourcecode.c.h; path = bltinmodule.h; sourceTree = "<group>"; };
		A62BED721EE1A44A00C75521 /* boolobject.h */ = {isa = PBXFileReference; fileEncoding = 4; lastKnownFileType = sourcecode.c.h; path = boolobject.h; sourceTree = "<group>"; };
		A62BED731EE1A44A00C75521 /* bytearrayobject.h */ = {isa = PBXFileReference; fileEncoding = 4; lastKnownFileType = sourcecode.c.h; path = bytearrayobject.h; sourceTree = "<group>"; };
		A62BED741EE1A44A00C75521 /* bytes_methods.h */ = {isa = PBXFileReference; fileEncoding = 4; lastKnownFileType = sourcecode.c.h; path = bytes_methods.h; sourceTree = "<group>"; };
		A62BED751EE1A44A00C75521 /* bytesobject.h */ = {isa = PBXFileReference; fileEncoding = 4; lastKnownFileType = sourcecode.c.h; path = bytesobject.h; sourceTree = "<group>"; };
		A62BED761EE1A44A00C75521 /* cellobject.h */ = {isa = PBXFileReference; fileEncoding = 4; lastKnownFileType = sourcecode.c.h; path = cellobject.h; sourceTree = "<group>"; };
		A62BED771EE1A44A00C75521 /* ceval.h */ = {isa = PBXFileReference; fileEncoding = 4; lastKnownFileType = sourcecode.c.h; path = ceval.h; sourceTree = "<group>"; };
		A62BED781EE1A44A00C75521 /* classobject.h */ = {isa = PBXFileReference; fileEncoding = 4; lastKnownFileType = sourcecode.c.h; path = classobject.h; sourceTree = "<group>"; };
		A62BED791EE1A44A00C75521 /* code.h */ = {isa = PBXFileReference; fileEncoding = 4; lastKnownFileType = sourcecode.c.h; path = code.h; sourceTree = "<group>"; };
		A62BED7A1EE1A44A00C75521 /* codecs.h */ = {isa = PBXFileReference; fileEncoding = 4; lastKnownFileType = sourcecode.c.h; path = codecs.h; sourceTree = "<group>"; };
		A62BED7B1EE1A44A00C75521 /* compile.h */ = {isa = PBXFileReference; fileEncoding = 4; lastKnownFileType = sourcecode.c.h; path = compile.h; sourceTree = "<group>"; };
		A62BED7C1EE1A44A00C75521 /* complexobject.h */ = {isa = PBXFileReference; fileEncoding = 4; lastKnownFileType = sourcecode.c.h; path = complexobject.h; sourceTree = "<group>"; };
		A62BED7D1EE1A44A00C75521 /* datetime.h */ = {isa = PBXFileReference; fileEncoding = 4; lastKnownFileType = sourcecode.c.h; path = datetime.h; sourceTree = "<group>"; };
		A62BED7E1EE1A44A00C75521 /* descrobject.h */ = {isa = PBXFileReference; fileEncoding = 4; lastKnownFileType = sourcecode.c.h; path = descrobject.h; sourceTree = "<group>"; };
		A62BED7F1EE1A44A00C75521 /* dictobject.h */ = {isa = PBXFileReference; fileEncoding = 4; lastKnownFileType = sourcecode.c.h; path = dictobject.h; sourceTree = "<group>"; };
		A62BED801EE1A44A00C75521 /* dtoa.h */ = {isa = PBXFileReference; fileEncoding = 4; lastKnownFileType = sourcecode.c.h; path = dtoa.h; sourceTree = "<group>"; };
		A62BED811EE1A44A00C75521 /* dynamic_annotations.h */ = {isa = PBXFileReference; fileEncoding = 4; lastKnownFileType = sourcecode.c.h; path = dynamic_annotations.h; sourceTree = "<group>"; };
		A62BED821EE1A44A00C75521 /* enumobject.h */ = {isa = PBXFileReference; fileEncoding = 4; lastKnownFileType = sourcecode.c.h; path = enumobject.h; sourceTree = "<group>"; };
		A62BED831EE1A44A00C75521 /* errcode.h */ = {isa = PBXFileReference; fileEncoding = 4; lastKnownFileType = sourcecode.c.h; path = errcode.h; sourceTree = "<group>"; };
		A62BED841EE1A44A00C75521 /* eval.h */ = {isa = PBXFileReference; fileEncoding = 4; lastKnownFileType = sourcecode.c.h; path = eval.h; sourceTree = "<group>"; };
		A62BED851EE1A44A00C75521 /* fileobject.h */ = {isa = PBXFileReference; fileEncoding = 4; lastKnownFileType = sourcecode.c.h; path = fileobject.h; sourceTree = "<group>"; };
		A62BED861EE1A44A00C75521 /* fileutils.h */ = {isa = PBXFileReference; fileEncoding = 4; lastKnownFileType = sourcecode.c.h; path = fileutils.h; sourceTree = "<group>"; };
		A62BED871EE1A44A00C75521 /* floatobject.h */ = {isa = PBXFileReference; fileEncoding = 4; lastKnownFileType = sourcecode.c.h; path = floatobject.h; sourceTree = "<group>"; };
		A62BED881EE1A44A00C75521 /* frameobject.h */ = {isa = PBXFileReference; fileEncoding = 4; lastKnownFileType = sourcecode.c.h; path = frameobject.h; sourceTree = "<group>"; };
		A62BED891EE1A44A00C75521 /* funcobject.h */ = {isa = PBXFileReference; fileEncoding = 4; lastKnownFileType = sourcecode.c.h; path = funcobject.h; sourceTree = "<group>"; };
		A62BED8A1EE1A44A00C75521 /* genobject.h */ = {isa = PBXFileReference; fileEncoding = 4; lastKnownFileType = sourcecode.c.h; path = genobject.h; sourceTree = "<group>"; };
		A62BED8B1EE1A44A00C75521 /* graminit.h */ = {isa = PBXFileReference; fileEncoding = 4; lastKnownFileType = sourcecode.c.h; path = graminit.h; sourceTree = "<group>"; };
		A62BED8C1EE1A44A00C75521 /* grammar.h */ = {isa = PBXFileReference; fileEncoding = 4; lastKnownFileType = sourcecode.c.h; path = grammar.h; sourceTree = "<group>"; };
		A62BED8D1EE1A44A00C75521 /* import.h */ = {isa = PBXFileReference; fileEncoding = 4; lastKnownFileType = sourcecode.c.h; path = import.h; sourceTree = "<group>"; };
		A62BED8E1EE1A44A00C75521 /* intrcheck.h */ = {isa = PBXFileReference; fileEncoding = 4; lastKnownFileType = sourcecode.c.h; path = intrcheck.h; sourceTree = "<group>"; };
		A62BED8F1EE1A44A00C75521 /* iterobject.h */ = {isa = PBXFileReference; fileEncoding = 4; lastKnownFileType = sourcecode.c.h; path = iterobject.h; sourceTree = "<group>"; };
		A62BED901EE1A44A00C75521 /* listobject.h */ = {isa = PBXFileReference; fileEncoding = 4; lastKnownFileType = sourcecode.c.h; path = listobject.h; sourceTree = "<group>"; };
		A62BED911EE1A44A00C75521 /* longintrepr.h */ = {isa = PBXFileReference; fileEncoding = 4; lastKnownFileType = sourcecode.c.h; path = longintrepr.h; sourceTree = "<group>"; };
		A62BED921EE1A44A00C75521 /* longobject.h */ = {isa = PBXFileReference; fileEncoding = 4; lastKnownFileType = sourcecode.c.h; path = longobject.h; sourceTree = "<group>"; };
		A62BED931EE1A44A00C75521 /* marshal.h */ = {isa = PBXFileReference; fileEncoding = 4; lastKnownFileType = sourcecode.c.h; path = marshal.h; sourceTree = "<group>"; };
		A62BED941EE1A44A00C75521 /* memoryobject.h */ = {isa = PBXFileReference; fileEncoding = 4; lastKnownFileType = sourcecode.c.h; path = memoryobject.h; sourceTree = "<group>"; };
		A62BED951EE1A44A00C75521 /* metagrammar.h */ = {isa = PBXFileReference; fileEncoding = 4; lastKnownFileType = sourcecode.c.h; path = metagrammar.h; sourceTree = "<group>"; };
		A62BED961EE1A44A00C75521 /* methodobject.h */ = {isa = PBXFileReference; fileEncoding = 4; lastKnownFileType = sourcecode.c.h; path = methodobject.h; sourceTree = "<group>"; };
		A62BED971EE1A44A00C75521 /* modsupport.h */ = {isa = PBXFileReference; fileEncoding = 4; lastKnownFileType = sourcecode.c.h; path = modsupport.h; sourceTree = "<group>"; };
		A62BED981EE1A44A00C75521 /* moduleobject.h */ = {isa = PBXFileReference; fileEncoding = 4; lastKnownFileType = sourcecode.c.h; path = moduleobject.h; sourceTree = "<group>"; };
		A62BED991EE1A44A00C75521 /* namespaceobject.h */ = {isa = PBXFileReference; fileEncoding = 4; lastKnownFileType = sourcecode.c.h; path = namespaceobject.h; sourceTree = "<group>"; };
		A62BED9A1EE1A44A00C75521 /* node.h */ = {isa = PBXFileReference; fileEncoding = 4; lastKnownFileType = sourcecode.c.h; path = node.h; sourceTree = "<group>"; };
		A62BED9B1EE1A44A00C75521 /* object.h */ = {isa = PBXFileReference; fileEncoding = 4; lastKnownFileType = sourcecode.c.h; path = object.h; sourceTree = "<group>"; };
		A62BED9C1EE1A44A00C75521 /* objimpl.h */ = {isa = PBXFileReference; fileEncoding = 4; lastKnownFileType = sourcecode.c.h; path = objimpl.h; sourceTree = "<group>"; };
		A62BED9D1EE1A44A00C75521 /* odictobject.h */ = {isa = PBXFileReference; fileEncoding = 4; lastKnownFileType = sourcecode.c.h; path = odictobject.h; sourceTree = "<group>"; };
		A62BED9E1EE1A44A00C75521 /* opcode.h */ = {isa = PBXFileReference; fileEncoding = 4; lastKnownFileType = sourcecode.c.h; path = opcode.h; sourceTree = "<group>"; };
		A62BED9F1EE1A44A00C75521 /* osdefs.h */ = {isa = PBXFileReference; fileEncoding = 4; lastKnownFileType = sourcecode.c.h; path = osdefs.h; sourceTree = "<group>"; };
		A62BEDA01EE1A44A00C75521 /* parsetok.h */ = {isa = PBXFileReference; fileEncoding = 4; lastKnownFileType = sourcecode.c.h; path = parsetok.h; sourceTree = "<group>"; };
		A62BEDA11EE1A44A00C75521 /* patchlevel.h */ = {isa = PBXFileReference; fileEncoding = 4; lastKnownFileType = sourcecode.c.h; path = patchlevel.h; sourceTree = "<group>"; };
		A62BEDA21EE1A44A00C75521 /* pgen.h */ = {isa = PBXFileReference; fileEncoding = 4; lastKnownFileType = sourcecode.c.h; path = pgen.h; sourceTree = "<group>"; };
		A62BEDA31EE1A44A00C75521 /* pgenheaders.h */ = {isa = PBXFileReference; fileEncoding = 4; lastKnownFileType = sourcecode.c.h; path = pgenheaders.h; sourceTree = "<group>"; };
		A62BEDA41EE1A44A00C75521 /* py_curses.h */ = {isa = PBXFileReference; fileEncoding = 4; lastKnownFileType = sourcecode.c.h; path = py_curses.h; sourceTree = "<group>"; };
		A62BEDA51EE1A44A00C75521 /* pyarena.h */ = {isa = PBXFileReference; fileEncoding = 4; lastKnownFileType = sourcecode.c.h; path = pyarena.h; sourceTree = "<group>"; };
		A62BEDA61EE1A44A00C75521 /* pyatomic.h */ = {isa = PBXFileReference; fileEncoding = 4; lastKnownFileType = sourcecode.c.h; path = pyatomic.h; sourceTree = "<group>"; };
		A62BEDA71EE1A44A00C75521 /* pycapsule.h */ = {isa = PBXFileReference; fileEncoding = 4; lastKnownFileType = sourcecode.c.h; path = pycapsule.h; sourceTree = "<group>"; };
		A62BEDA81EE1A44A00C75521 /* pyconfig-arm64.h */ = {isa = PBXFileReference; fileEncoding = 4; lastKnownFileType = sourcecode.c.h; path = "pyconfig-arm64.h"; sourceTree = "<group>"; };
		A62BEDA91EE1A44A00C75521 /* pyconfig-armv7.h */ = {isa = PBXFileReference; fileEncoding = 4; lastKnownFileType = sourcecode.c.h; path = "pyconfig-armv7.h"; sourceTree = "<group>"; };
		A62BEDAA1EE1A44A00C75521 /* pyconfig-armv7s.h */ = {isa = PBXFileReference; fileEncoding = 4; lastKnownFileType = sourcecode.c.h; path = "pyconfig-armv7s.h"; sourceTree = "<group>"; };
		A62BEDAB1EE1A44A00C75521 /* pyconfig-i386.h */ = {isa = PBXFileReference; fileEncoding = 4; lastKnownFileType = sourcecode.c.h; path = "pyconfig-i386.h"; sourceTree = "<group>"; };
		A62BEDAC1EE1A44A00C75521 /* pyconfig-x86_64.h */ = {isa = PBXFileReference; fileEncoding = 4; lastKnownFileType = sourcecode.c.h; path = "pyconfig-x86_64.h"; sourceTree = "<group>"; };
		A62BEDAD1EE1A44A00C75521 /* pyconfig.h */ = {isa = PBXFileReference; fileEncoding = 4; lastKnownFileType = sourcecode.c.h; path = pyconfig.h; sourceTree = "<group>"; };
		A62BEDAE1EE1A44A00C75521 /* pyctype.h */ = {isa = PBXFileReference; fileEncoding = 4; lastKnownFileType = sourcecode.c.h; path = pyctype.h; sourceTree = "<group>"; };
		A62BEDAF1EE1A44A00C75521 /* pydebug.h */ = {isa = PBXFileReference; fileEncoding = 4; lastKnownFileType = sourcecode.c.h; path = pydebug.h; sourceTree = "<group>"; };
		A62BEDB01EE1A44A00C75521 /* pyerrors.h */ = {isa = PBXFileReference; fileEncoding = 4; lastKnownFileType = sourcecode.c.h; path = pyerrors.h; sourceTree = "<group>"; };
		A62BEDB11EE1A44A00C75521 /* pyexpat.h */ = {isa = PBXFileReference; fileEncoding = 4; lastKnownFileType = sourcecode.c.h; path = pyexpat.h; sourceTree = "<group>"; };
		A62BEDB21EE1A44A00C75521 /* pyfpe.h */ = {isa = PBXFileReference; fileEncoding = 4; lastKnownFileType = sourcecode.c.h; path = pyfpe.h; sourceTree = "<group>"; };
		A62BEDB31EE1A44A00C75521 /* pygetopt.h */ = {isa = PBXFileReference; fileEncoding = 4; lastKnownFileType = sourcecode.c.h; path = pygetopt.h; sourceTree = "<group>"; };
		A62BEDB41EE1A44A00C75521 /* pyhash.h */ = {isa = PBXFileReference; fileEncoding = 4; lastKnownFileType = sourcecode.c.h; path = pyhash.h; sourceTree = "<group>"; };
		A62BEDB51EE1A44A00C75521 /* pylifecycle.h */ = {isa = PBXFileReference; fileEncoding = 4; lastKnownFileType = sourcecode.c.h; path = pylifecycle.h; sourceTree = "<group>"; };
		A62BEDB61EE1A44A00C75521 /* pymacconfig.h */ = {isa = PBXFileReference; fileEncoding = 4; lastKnownFileType = sourcecode.c.h; path = pymacconfig.h; sourceTree = "<group>"; };
		A62BEDB71EE1A44A00C75521 /* pymacro.h */ = {isa = PBXFileReference; fileEncoding = 4; lastKnownFileType = sourcecode.c.h; path = pymacro.h; sourceTree = "<group>"; };
		A62BEDB81EE1A44A00C75521 /* pymath.h */ = {isa = PBXFileReference; fileEncoding = 4; lastKnownFileType = sourcecode.c.h; path = pymath.h; sourceTree = "<group>"; };
		A62BEDB91EE1A44A00C75521 /* pymem.h */ = {isa = PBXFileReference; fileEncoding = 4; lastKnownFileType = sourcecode.c.h; path = pymem.h; sourceTree = "<group>"; };
		A62BEDBA1EE1A44A00C75521 /* pyport.h */ = {isa = PBXFileReference; fileEncoding = 4; lastKnownFileType = sourcecode.c.h; path = pyport.h; sourceTree = "<group>"; };
		A62BEDBB1EE1A44A00C75521 /* pystate.h */ = {isa = PBXFileReference; fileEncoding = 4; lastKnownFileType = sourcecode.c.h; path = pystate.h; sourceTree = "<group>"; };
		A62BEDBC1EE1A44A00C75521 /* pystrcmp.h */ = {isa = PBXFileReference; fileEncoding = 4; lastKnownFileType = sourcecode.c.h; path = pystrcmp.h; sourceTree = "<group>"; };
		A62BEDBD1EE1A44A00C75521 /* pystrhex.h */ = {isa = PBXFileReference; fileEncoding = 4; lastKnownFileType = sourcecode.c.h; path = pystrhex.h; sourceTree = "<group>"; };
		A62BEDBE1EE1A44A00C75521 /* pystrtod.h */ = {isa = PBXFileReference; fileEncoding = 4; lastKnownFileType = sourcecode.c.h; path = pystrtod.h; sourceTree = "<group>"; };
		A62BEDBF1EE1A44A00C75521 /* Python-ast.h */ = {isa = PBXFileReference; fileEncoding = 4; lastKnownFileType = sourcecode.c.h; path = "Python-ast.h"; sourceTree = "<group>"; };
		A62BEDC01EE1A44A00C75521 /* Python.h */ = {isa = PBXFileReference; fileEncoding = 4; lastKnownFileType = sourcecode.c.h; path = Python.h; sourceTree = "<group>"; };
		A62BEDC11EE1A44A00C75521 /* pythonrun.h */ = {isa = PBXFileReference; fileEncoding = 4; lastKnownFileType = sourcecode.c.h; path = pythonrun.h; sourceTree = "<group>"; };
		A62BEDC21EE1A44A00C75521 /* pythread.h */ = {isa = PBXFileReference; fileEncoding = 4; lastKnownFileType = sourcecode.c.h; path = pythread.h; sourceTree = "<group>"; };
		A62BEDC31EE1A44A00C75521 /* pytime.h */ = {isa = PBXFileReference; fileEncoding = 4; lastKnownFileType = sourcecode.c.h; path = pytime.h; sourceTree = "<group>"; };
		A62BEDC41EE1A44A00C75521 /* rangeobject.h */ = {isa = PBXFileReference; fileEncoding = 4; lastKnownFileType = sourcecode.c.h; path = rangeobject.h; sourceTree = "<group>"; };
		A62BEDC51EE1A44A00C75521 /* setobject.h */ = {isa = PBXFileReference; fileEncoding = 4; lastKnownFileType = sourcecode.c.h; path = setobject.h; sourceTree = "<group>"; };
		A62BEDC61EE1A44A00C75521 /* sliceobject.h */ = {isa = PBXFileReference; fileEncoding = 4; lastKnownFileType = sourcecode.c.h; path = sliceobject.h; sourceTree = "<group>"; };
		A62BEDC71EE1A44A00C75521 /* structmember.h */ = {isa = PBXFileReference; fileEncoding = 4; lastKnownFileType = sourcecode.c.h; path = structmember.h; sourceTree = "<group>"; };
		A62BEDC81EE1A44A00C75521 /* structseq.h */ = {isa = PBXFileReference; fileEncoding = 4; lastKnownFileType = sourcecode.c.h; path = structseq.h; sourceTree = "<group>"; };
		A62BEDC91EE1A44A00C75521 /* symtable.h */ = {isa = PBXFileReference; fileEncoding = 4; lastKnownFileType = sourcecode.c.h; path = symtable.h; sourceTree = "<group>"; };
		A62BEDCA1EE1A44A00C75521 /* sysmodule.h */ = {isa = PBXFileReference; fileEncoding = 4; lastKnownFileType = sourcecode.c.h; path = sysmodule.h; sourceTree = "<group>"; };
		A62BEDCB1EE1A44A00C75521 /* token.h */ = {isa = PBXFileReference; fileEncoding = 4; lastKnownFileType = sourcecode.c.h; path = token.h; sourceTree = "<group>"; };
		A62BEDCC1EE1A44A00C75521 /* traceback.h */ = {isa = PBXFileReference; fileEncoding = 4; lastKnownFileType = sourcecode.c.h; path = traceback.h; sourceTree = "<group>"; };
		A62BEDCD1EE1A44A00C75521 /* tupleobject.h */ = {isa = PBXFileReference; fileEncoding = 4; lastKnownFileType = sourcecode.c.h; path = tupleobject.h; sourceTree = "<group>"; };
		A62BEDCE1EE1A44A00C75521 /* typeslots.h */ = {isa = PBXFileReference; fileEncoding = 4; lastKnownFileType = sourcecode.c.h; path = typeslots.h; sourceTree = "<group>"; };
		A62BEDCF1EE1A44A00C75521 /* ucnhash.h */ = {isa = PBXFileReference; fileEncoding = 4; lastKnownFileType = sourcecode.c.h; path = ucnhash.h; sourceTree = "<group>"; };
		A62BEDD01EE1A44A00C75521 /* unicodeobject.h */ = {isa = PBXFileReference; fileEncoding = 4; lastKnownFileType = sourcecode.c.h; path = unicodeobject.h; sourceTree = "<group>"; };
		A62BEDD11EE1A44A00C75521 /* warnings.h */ = {isa = PBXFileReference; fileEncoding = 4; lastKnownFileType = sourcecode.c.h; path = warnings.h; sourceTree = "<group>"; };
		A62BEDD21EE1A44A00C75521 /* weakrefobject.h */ = {isa = PBXFileReference; fileEncoding = 4; lastKnownFileType = sourcecode.c.h; path = weakrefobject.h; sourceTree = "<group>"; };
		A62BEDD31EE1A44A00C75521 /* Python */ = {isa = PBXFileReference; lastKnownFileType = archive.ar; path = Python; sourceTree = "<group>"; };
		A62BEDD71EE1A44A00C75521 /* base.h */ = {isa = PBXFileReference; fileEncoding = 4; lastKnownFileType = sourcecode.c.h; path = base.h; sourceTree = "<group>"; };
		A62BEDD81EE1A44A00C75521 /* bcj.h */ = {isa = PBXFileReference; fileEncoding = 4; lastKnownFileType = sourcecode.c.h; path = bcj.h; sourceTree = "<group>"; };
		A62BEDD91EE1A44A00C75521 /* block.h */ = {isa = PBXFileReference; fileEncoding = 4; lastKnownFileType = sourcecode.c.h; path = block.h; sourceTree = "<group>"; };
		A62BEDDA1EE1A44A00C75521 /* check.h */ = {isa = PBXFileReference; fileEncoding = 4; lastKnownFileType = sourcecode.c.h; path = check.h; sourceTree = "<group>"; };
		A62BEDDB1EE1A44A00C75521 /* container.h */ = {isa = PBXFileReference; fileEncoding = 4; lastKnownFileType = sourcecode.c.h; path = container.h; sourceTree = "<group>"; };
		A62BEDDC1EE1A44A00C75521 /* delta.h */ = {isa = PBXFileReference; fileEncoding = 4; lastKnownFileType = sourcecode.c.h; path = delta.h; sourceTree = "<group>"; };
		A62BEDDD1EE1A44A00C75521 /* filter.h */ = {isa = PBXFileReference; fileEncoding = 4; lastKnownFileType = sourcecode.c.h; path = filter.h; sourceTree = "<group>"; };
		A62BEDDE1EE1A44A00C75521 /* hardware.h */ = {isa = PBXFileReference; fileEncoding = 4; lastKnownFileType = sourcecode.c.h; path = hardware.h; sourceTree = "<group>"; };
		A62BEDDF1EE1A44A00C75521 /* index.h */ = {isa = PBXFileReference; fileEncoding = 4; lastKnownFileType = sourcecode.c.h; path = index.h; sourceTree = "<group>"; };
		A62BEDE01EE1A44A00C75521 /* index_hash.h */ = {isa = PBXFileReference; fileEncoding = 4; lastKnownFileType = sourcecode.c.h; path = index_hash.h; sourceTree = "<group>"; };
		A62BEDE11EE1A44A00C75521 /* lzma12.h */ = {isa = PBXFileReference; fileEncoding = 4; lastKnownFileType = sourcecode.c.h; path = lzma12.h; sourceTree = "<group>"; };
		A62BEDE21EE1A44A00C75521 /* stream_flags.h */ = {isa = PBXFileReference; fileEncoding = 4; lastKnownFileType = sourcecode.c.h; path = stream_flags.h; sourceTree = "<group>"; };
		A62BEDE31EE1A44A00C75521 /* version.h */ = {isa = PBXFileReference; fileEncoding = 4; lastKnownFileType = sourcecode.c.h; path = version.h; sourceTree = "<group>"; };
		A62BEDE41EE1A44A00C75521 /* vli.h */ = {isa = PBXFileReference; fileEncoding = 4; lastKnownFileType = sourcecode.c.h; path = vli.h; sourceTree = "<group>"; };
		A62BEDE51EE1A44A00C75521 /* lzma.h */ = {isa = PBXFileReference; fileEncoding = 4; lastKnownFileType = sourcecode.c.h; path = lzma.h; sourceTree = "<group>"; };
		A62BEDE61EE1A44A00C75521 /* xz */ = {isa = PBXFileReference; lastKnownFileType = archive.ar; path = xz; sourceTree = "<group>"; };
		A6FDDE8D1EE10B3E00DF515B /* app */ = {isa = PBXFileReference; lastKnownFileType = folder; path = app; sourceTree = "<group>"; };
		A6FDDE8E1EE10B3E00DF515B /* app_packages */ = {isa = PBXFileReference; lastKnownFileType = folder; path = app_packages; sourceTree = "<group>"; };
/* End PBXFileReference section */

/* Begin PBXFrameworksBuildPhase section */
		60796EDF19190F4100A9926B /* Frameworks */ = {
			isa = PBXFrameworksBuildPhase;
			buildActionMask = 2147483647;
			files = (
				A62BEDEA1EE1A44A00C75521 /* xz in Frameworks */,
				6023B23F1C27D218006F2562 /* libz.tbd in Frameworks */,
				6023B23D1C27D20F006F2562 /* libsqlite3.tbd in Frameworks */,
				60796F39191CDBBA00A9926B /* CoreFoundation.framework in Frameworks */,
				A62BEDE81EE1A44A00C75521 /* OpenSSL in Frameworks */,
				60796EE819190F4100A9926B /* CoreGraphics.framework in Frameworks */,
				60796EE619190F4100A9926B /* Foundation.framework in Frameworks */,
				60796EEA19190F4100A9926B /* UIKit.framework in Frameworks */,
				A62BEDE71EE1A44A00C75521 /* bzip2 in Frameworks */,
				A62BEDE91EE1A44A00C75521 /* Python in Frameworks */,
			);
			runOnlyForDeploymentPostprocessing = 0;
		};
/* End PBXFrameworksBuildPhase section */

/* Begin PBXGroup section */
		60796ED919190F4100A9926B = {
			isa = PBXGroup;
			children = (
				B2FBA50E1ED4609100CA789D /* import */,
				60796EEB19190F4100A9926B /* HelloPython */,
				60796EE419190F4100A9926B /* Frameworks */,
				60796EE319190F4100A9926B /* Products */,
			);
			sourceTree = "<group>";
		};
		60796EE319190F4100A9926B /* Products */ = {
			isa = PBXGroup;
			children = (
				60796EE219190F4100A9926B /* HelloPython.app */,
			);
			name = Products;
			sourceTree = "<group>";
		};
		60796EE419190F4100A9926B /* Frameworks */ = {
			isa = PBXGroup;
			children = (
				6023B23C1C27D20F006F2562 /* libsqlite3.tbd */,
				6023B23E1C27D218006F2562 /* libz.tbd */,
				60796F38191CDBBA00A9926B /* CoreFoundation.framework */,
				60796EE719190F4100A9926B /* CoreGraphics.framework */,
				60796EE519190F4100A9926B /* Foundation.framework */,
				60796EE919190F4100A9926B /* UIKit.framework */,
			);
			name = Frameworks;
			sourceTree = "<group>";
		};
		60796EEB19190F4100A9926B /* HelloPython */ = {
			isa = PBXGroup;
			children = (
				A6FDDE8D1EE10B3E00DF515B /* app */,
				A6FDDE8E1EE10B3E00DF515B /* app_packages */,
				60796EF719190F4100A9926B /* Images.xcassets */,
				60796EEC19190F4100A9926B /* Supporting Files */,
			);
			name = HelloPython;
			path = ../src/HelloPython;
			sourceTree = "<group>";
		};
		60796EEC19190F4100A9926B /* Supporting Files */ = {
			isa = PBXGroup;
			children = (
				60796EED19190F4100A9926B /* HelloPython-Info.plist */,
				60796EEE19190F4100A9926B /* InfoPlist.strings */,
				60796EF119190F4100A9926B /* main.m */,
				60796EF319190F4100A9926B /* HelloPython-Prefix.pch */,
			);
			name = "Supporting Files";
			sourceTree = "<group>";
		};
		A62BED161EE1A44A00C75521 /* lib */ = {
			isa = PBXGroup;
			children = (
				A62BED171EE1A44A00C75521 /* BZip2 */,
				A62BED1B1EE1A44A00C75521 /* OpenSSL */,
				A62BED6A1EE1A44A00C75521 /* Python */,
				A62BEDD41EE1A44A00C75521 /* XZ */,
			);
			path = lib;
			sourceTree = "<group>";
		};
		A62BED171EE1A44A00C75521 /* BZip2 */ = {
			isa = PBXGroup;
			children = (
				A62BED181EE1A44A00C75521 /* bzip2 */,
				A62BED191EE1A44A00C75521 /* Headers */,
			);
			path = BZip2;
			sourceTree = "<group>";
		};
		A62BED191EE1A44A00C75521 /* Headers */ = {
			isa = PBXGroup;
			children = (
				A62BED1A1EE1A44A00C75521 /* bzlib.h */,
			);
			path = Headers;
			sourceTree = "<group>";
		};
		A62BED1B1EE1A44A00C75521 /* OpenSSL */ = {
			isa = PBXGroup;
			children = (
				A62BED1C1EE1A44A00C75521 /* Headers */,
				A62BED691EE1A44A00C75521 /* OpenSSL */,
			);
			path = OpenSSL;
			sourceTree = "<group>";
		};
		A62BED1C1EE1A44A00C75521 /* Headers */ = {
			isa = PBXGroup;
			children = (
				A62BED1D1EE1A44A00C75521 /* openssl */,
			);
			path = Headers;
			sourceTree = "<group>";
		};
		A62BED1D1EE1A44A00C75521 /* openssl */ = {
			isa = PBXGroup;
			children = (
				A62BED1E1EE1A44A00C75521 /* aes.h */,
				A62BED1F1EE1A44A00C75521 /* asn1.h */,
				A62BED201EE1A44A00C75521 /* asn1_mac.h */,
				A62BED211EE1A44A00C75521 /* asn1t.h */,
				A62BED221EE1A44A00C75521 /* bio.h */,
				A62BED231EE1A44A00C75521 /* blowfish.h */,
				A62BED241EE1A44A00C75521 /* bn.h */,
				A62BED251EE1A44A00C75521 /* buffer.h */,
				A62BED261EE1A44A00C75521 /* camellia.h */,
				A62BED271EE1A44A00C75521 /* cast.h */,
				A62BED281EE1A44A00C75521 /* cmac.h */,
				A62BED291EE1A44A00C75521 /* cms.h */,
				A62BED2A1EE1A44A00C75521 /* comp.h */,
				A62BED2B1EE1A44A00C75521 /* conf.h */,
				A62BED2C1EE1A44A00C75521 /* conf_api.h */,
				A62BED2D1EE1A44A00C75521 /* crypto.h */,
				A62BED2E1EE1A44A00C75521 /* des.h */,
				A62BED2F1EE1A44A00C75521 /* des_old.h */,
				A62BED301EE1A44A00C75521 /* dh.h */,
				A62BED311EE1A44A00C75521 /* dsa.h */,
				A62BED321EE1A44A00C75521 /* dso.h */,
				A62BED331EE1A44A00C75521 /* dtls1.h */,
				A62BED341EE1A44A00C75521 /* e_os2.h */,
				A62BED351EE1A44A00C75521 /* ebcdic.h */,
				A62BED361EE1A44A00C75521 /* ec.h */,
				A62BED371EE1A44A00C75521 /* ecdh.h */,
				A62BED381EE1A44A00C75521 /* ecdsa.h */,
				A62BED391EE1A44A00C75521 /* engine.h */,
				A62BED3A1EE1A44A00C75521 /* err.h */,
				A62BED3B1EE1A44A00C75521 /* evp.h */,
				A62BED3C1EE1A44A00C75521 /* hmac.h */,
				A62BED3D1EE1A44A00C75521 /* idea.h */,
				A62BED3E1EE1A44A00C75521 /* krb5_asn.h */,
				A62BED3F1EE1A44A00C75521 /* kssl.h */,
				A62BED401EE1A44A00C75521 /* lhash.h */,
				A62BED411EE1A44A00C75521 /* md4.h */,
				A62BED421EE1A44A00C75521 /* md5.h */,
				A62BED431EE1A44A00C75521 /* mdc2.h */,
				A62BED441EE1A44A00C75521 /* modes.h */,
				A62BED451EE1A44A00C75521 /* obj_mac.h */,
				A62BED461EE1A44A00C75521 /* objects.h */,
				A62BED471EE1A44A00C75521 /* ocsp.h */,
				A62BED481EE1A44A00C75521 /* opensslconf.h */,
				A62BED491EE1A44A00C75521 /* opensslv.h */,
				A62BED4A1EE1A44A00C75521 /* ossl_typ.h */,
				A62BED4B1EE1A44A00C75521 /* pem.h */,
				A62BED4C1EE1A44A00C75521 /* pem2.h */,
				A62BED4D1EE1A44A00C75521 /* pkcs12.h */,
				A62BED4E1EE1A44A00C75521 /* pkcs7.h */,
				A62BED4F1EE1A44A00C75521 /* pqueue.h */,
				A62BED501EE1A44A00C75521 /* rand.h */,
				A62BED511EE1A44A00C75521 /* rc2.h */,
				A62BED521EE1A44A00C75521 /* rc4.h */,
				A62BED531EE1A44A00C75521 /* ripemd.h */,
				A62BED541EE1A44A00C75521 /* rsa.h */,
				A62BED551EE1A44A00C75521 /* safestack.h */,
				A62BED561EE1A44A00C75521 /* seed.h */,
				A62BED571EE1A44A00C75521 /* sha.h */,
				A62BED581EE1A44A00C75521 /* srp.h */,
				A62BED591EE1A44A00C75521 /* srtp.h */,
				A62BED5A1EE1A44A00C75521 /* ssl.h */,
				A62BED5B1EE1A44A00C75521 /* ssl2.h */,
				A62BED5C1EE1A44A00C75521 /* ssl23.h */,
				A62BED5D1EE1A44A00C75521 /* ssl3.h */,
				A62BED5E1EE1A44A00C75521 /* stack.h */,
				A62BED5F1EE1A44A00C75521 /* symhacks.h */,
				A62BED601EE1A44A00C75521 /* tls1.h */,
				A62BED611EE1A44A00C75521 /* ts.h */,
				A62BED621EE1A44A00C75521 /* txt_db.h */,
				A62BED631EE1A44A00C75521 /* ui.h */,
				A62BED641EE1A44A00C75521 /* ui_compat.h */,
				A62BED651EE1A44A00C75521 /* whrlpool.h */,
				A62BED661EE1A44A00C75521 /* x509.h */,
				A62BED671EE1A44A00C75521 /* x509_vfy.h */,
				A62BED681EE1A44A00C75521 /* x509v3.h */,
			);
			path = openssl;
			sourceTree = "<group>";
		};
		A62BED6A1EE1A44A00C75521 /* Python */ = {
			isa = PBXGroup;
			children = (
				A62BED6B1EE1A44A00C75521 /* Headers */,
				A62BEDD31EE1A44A00C75521 /* Python */,
			);
			path = Python;
			sourceTree = "<group>";
		};
		A62BED6B1EE1A44A00C75521 /* Headers */ = {
			isa = PBXGroup;
			children = (
				A62BED6C1EE1A44A00C75521 /* abstract.h */,
				A62BED6D1EE1A44A00C75521 /* accu.h */,
				A62BED6E1EE1A44A00C75521 /* asdl.h */,
				A62BED6F1EE1A44A00C75521 /* ast.h */,
				A62BED701EE1A44A00C75521 /* bitset.h */,
				A62BED711EE1A44A00C75521 /* bltinmodule.h */,
				A62BED721EE1A44A00C75521 /* boolobject.h */,
				A62BED731EE1A44A00C75521 /* bytearrayobject.h */,
				A62BED741EE1A44A00C75521 /* bytes_methods.h */,
				A62BED751EE1A44A00C75521 /* bytesobject.h */,
				A62BED761EE1A44A00C75521 /* cellobject.h */,
				A62BED771EE1A44A00C75521 /* ceval.h */,
				A62BED781EE1A44A00C75521 /* classobject.h */,
				A62BED791EE1A44A00C75521 /* code.h */,
				A62BED7A1EE1A44A00C75521 /* codecs.h */,
				A62BED7B1EE1A44A00C75521 /* compile.h */,
				A62BED7C1EE1A44A00C75521 /* complexobject.h */,
				A62BED7D1EE1A44A00C75521 /* datetime.h */,
				A62BED7E1EE1A44A00C75521 /* descrobject.h */,
				A62BED7F1EE1A44A00C75521 /* dictobject.h */,
				A62BED801EE1A44A00C75521 /* dtoa.h */,
				A62BED811EE1A44A00C75521 /* dynamic_annotations.h */,
				A62BED821EE1A44A00C75521 /* enumobject.h */,
				A62BED831EE1A44A00C75521 /* errcode.h */,
				A62BED841EE1A44A00C75521 /* eval.h */,
				A62BED851EE1A44A00C75521 /* fileobject.h */,
				A62BED861EE1A44A00C75521 /* fileutils.h */,
				A62BED871EE1A44A00C75521 /* floatobject.h */,
				A62BED881EE1A44A00C75521 /* frameobject.h */,
				A62BED891EE1A44A00C75521 /* funcobject.h */,
				A62BED8A1EE1A44A00C75521 /* genobject.h */,
				A62BED8B1EE1A44A00C75521 /* graminit.h */,
				A62BED8C1EE1A44A00C75521 /* grammar.h */,
				A62BED8D1EE1A44A00C75521 /* import.h */,
				A62BED8E1EE1A44A00C75521 /* intrcheck.h */,
				A62BED8F1EE1A44A00C75521 /* iterobject.h */,
				A62BED901EE1A44A00C75521 /* listobject.h */,
				A62BED911EE1A44A00C75521 /* longintrepr.h */,
				A62BED921EE1A44A00C75521 /* longobject.h */,
				A62BED931EE1A44A00C75521 /* marshal.h */,
				A62BED941EE1A44A00C75521 /* memoryobject.h */,
				A62BED951EE1A44A00C75521 /* metagrammar.h */,
				A62BED961EE1A44A00C75521 /* methodobject.h */,
				A62BED971EE1A44A00C75521 /* modsupport.h */,
				A62BED981EE1A44A00C75521 /* moduleobject.h */,
				A62BED991EE1A44A00C75521 /* namespaceobject.h */,
				A62BED9A1EE1A44A00C75521 /* node.h */,
				A62BED9B1EE1A44A00C75521 /* object.h */,
				A62BED9C1EE1A44A00C75521 /* objimpl.h */,
				A62BED9D1EE1A44A00C75521 /* odictobject.h */,
				A62BED9E1EE1A44A00C75521 /* opcode.h */,
				A62BED9F1EE1A44A00C75521 /* osdefs.h */,
				A62BEDA01EE1A44A00C75521 /* parsetok.h */,
				A62BEDA11EE1A44A00C75521 /* patchlevel.h */,
				A62BEDA21EE1A44A00C75521 /* pgen.h */,
				A62BEDA31EE1A44A00C75521 /* pgenheaders.h */,
				A62BEDA41EE1A44A00C75521 /* py_curses.h */,
				A62BEDA51EE1A44A00C75521 /* pyarena.h */,
				A62BEDA61EE1A44A00C75521 /* pyatomic.h */,
				A62BEDA71EE1A44A00C75521 /* pycapsule.h */,
				A62BEDA81EE1A44A00C75521 /* pyconfig-arm64.h */,
				A62BEDA91EE1A44A00C75521 /* pyconfig-armv7.h */,
				A62BEDAA1EE1A44A00C75521 /* pyconfig-armv7s.h */,
				A62BEDAB1EE1A44A00C75521 /* pyconfig-i386.h */,
				A62BEDAC1EE1A44A00C75521 /* pyconfig-x86_64.h */,
				A62BEDAD1EE1A44A00C75521 /* pyconfig.h */,
				A62BEDAE1EE1A44A00C75521 /* pyctype.h */,
				A62BEDAF1EE1A44A00C75521 /* pydebug.h */,
				A62BEDB01EE1A44A00C75521 /* pyerrors.h */,
				A62BEDB11EE1A44A00C75521 /* pyexpat.h */,
				A62BEDB21EE1A44A00C75521 /* pyfpe.h */,
				A62BEDB31EE1A44A00C75521 /* pygetopt.h */,
				A62BEDB41EE1A44A00C75521 /* pyhash.h */,
				A62BEDB51EE1A44A00C75521 /* pylifecycle.h */,
				A62BEDB61EE1A44A00C75521 /* pymacconfig.h */,
				A62BEDB71EE1A44A00C75521 /* pymacro.h */,
				A62BEDB81EE1A44A00C75521 /* pymath.h */,
				A62BEDB91EE1A44A00C75521 /* pymem.h */,
				A62BEDBA1EE1A44A00C75521 /* pyport.h */,
				A62BEDBB1EE1A44A00C75521 /* pystate.h */,
				A62BEDBC1EE1A44A00C75521 /* pystrcmp.h */,
				A62BEDBD1EE1A44A00C75521 /* pystrhex.h */,
				A62BEDBE1EE1A44A00C75521 /* pystrtod.h */,
				A62BEDBF1EE1A44A00C75521 /* Python-ast.h */,
				A62BEDC01EE1A44A00C75521 /* Python.h */,
				A62BEDC11EE1A44A00C75521 /* pythonrun.h */,
				A62BEDC21EE1A44A00C75521 /* pythread.h */,
				A62BEDC31EE1A44A00C75521 /* pytime.h */,
				A62BEDC41EE1A44A00C75521 /* rangeobject.h */,
				A62BEDC51EE1A44A00C75521 /* setobject.h */,
				A62BEDC61EE1A44A00C75521 /* sliceobject.h */,
				A62BEDC71EE1A44A00C75521 /* structmember.h */,
				A62BEDC81EE1A44A00C75521 /* structseq.h */,
				A62BEDC91EE1A44A00C75521 /* symtable.h */,
				A62BEDCA1EE1A44A00C75521 /* sysmodule.h */,
				A62BEDCB1EE1A44A00C75521 /* token.h */,
				A62BEDCC1EE1A44A00C75521 /* traceback.h */,
				A62BEDCD1EE1A44A00C75521 /* tupleobject.h */,
				A62BEDCE1EE1A44A00C75521 /* typeslots.h */,
				A62BEDCF1EE1A44A00C75521 /* ucnhash.h */,
				A62BEDD01EE1A44A00C75521 /* unicodeobject.h */,
				A62BEDD11EE1A44A00C75521 /* warnings.h */,
				A62BEDD21EE1A44A00C75521 /* weakrefobject.h */,
			);
			path = Headers;
			sourceTree = "<group>";
		};
		A62BEDD41EE1A44A00C75521 /* XZ */ = {
			isa = PBXGroup;
			children = (
				A62BEDD51EE1A44A00C75521 /* Headers */,
				A62BEDE61EE1A44A00C75521 /* xz */,
			);
			path = XZ;
			sourceTree = "<group>";
		};
		A62BEDD51EE1A44A00C75521 /* Headers */ = {
			isa = PBXGroup;
			children = (
				A62BEDD61EE1A44A00C75521 /* lzma */,
				A62BEDE51EE1A44A00C75521 /* lzma.h */,
			);
			path = Headers;
			sourceTree = "<group>";
		};
		A62BEDD61EE1A44A00C75521 /* lzma */ = {
			isa = PBXGroup;
			children = (
				A62BEDD71EE1A44A00C75521 /* base.h */,
				A62BEDD81EE1A44A00C75521 /* bcj.h */,
				A62BEDD91EE1A44A00C75521 /* block.h */,
				A62BEDDA1EE1A44A00C75521 /* check.h */,
				A62BEDDB1EE1A44A00C75521 /* container.h */,
				A62BEDDC1EE1A44A00C75521 /* delta.h */,
				A62BEDDD1EE1A44A00C75521 /* filter.h */,
				A62BEDDE1EE1A44A00C75521 /* hardware.h */,
				A62BEDDF1EE1A44A00C75521 /* index.h */,
				A62BEDE01EE1A44A00C75521 /* index_hash.h */,
				A62BEDE11EE1A44A00C75521 /* lzma12.h */,
				A62BEDE21EE1A44A00C75521 /* stream_flags.h */,
				A62BEDE31EE1A44A00C75521 /* version.h */,
				A62BEDE41EE1A44A00C75521 /* vli.h */,
			);
			path = lzma;
			sourceTree = "<group>";
		};
		B2FBA50E1ED4609100CA789D /* import */ = {
			isa = PBXGroup;
			children = (
				A62BED161EE1A44A00C75521 /* lib */,
			);
			name = import;
			path = ../import;
			sourceTree = "<group>";
		};
/* End PBXGroup section */

/* Begin PBXNativeTarget section */
		60796EE119190F4100A9926B /* HelloPython */ = {
			isa = PBXNativeTarget;
			buildConfigurationList = 60796F0E19190F4100A9926B /* Build configuration list for PBXNativeTarget "HelloPython" */;
			buildPhases = (
				60796F2F1919C7E700A9926B /* Refresh Python source */,
				60796EDE19190F4100A9926B /* Sources */,
				60796EDF19190F4100A9926B /* Frameworks */,
				60796EE019190F4100A9926B /* Resources */,
			);
			buildRules = (
			);
			dependencies = (
			);
			name = HelloPython;
			productName = HelloPython;
			productReference = 60796EE219190F4100A9926B /* HelloPython.app */;
			productType = "com.apple.product-type.application";
		};
/* End PBXNativeTarget section */

/* Begin PBXProject section */
		60796EDA19190F4100A9926B /* Project object */ = {
			isa = PBXProject;
			attributes = {
				LastUpgradeCheck = 0830;
				ORGANIZATIONNAME = com.tencent.python;
				TargetAttributes = {
					60796EE119190F4100A9926B = {
						DevelopmentTeam = W85HQ8L7J9;
						ProvisioningStyle = Manual;
					};
				};
			};
			buildConfigurationList = 60796EDD19190F4100A9926B /* Build configuration list for PBXProject "HelloPython" */;
			compatibilityVersion = "Xcode 3.2";
			developmentRegion = English;
			hasScannedForEncodings = 0;
			knownRegions = (
				en,
			);
			mainGroup = 60796ED919190F4100A9926B;
			productRefGroup = 60796EE319190F4100A9926B /* Products */;
			projectDirPath = "";
			projectRoot = "";
			targets = (
				60796EE119190F4100A9926B /* HelloPython */,
			);
		};
/* End PBXProject section */

/* Begin PBXResourcesBuildPhase section */
		60796EE019190F4100A9926B /* Resources */ = {
			isa = PBXResourcesBuildPhase;
			buildActionMask = 2147483647;
			files = (
				A6FDDE901EE10B3F00DF515B /* app_packages in Resources */,
				A6FDDE8F1EE10B3E00DF515B /* app in Resources */,
				60796EF019190F4100A9926B /* InfoPlist.strings in Resources */,
				60796EF819190F4100A9926B /* Images.xcassets in Resources */,
			);
			runOnlyForDeploymentPostprocessing = 0;
		};
/* End PBXResourcesBuildPhase section */

/* Begin PBXShellScriptBuildPhase section */
		60796F2F1919C7E700A9926B /* Refresh Python source */ = {
			isa = PBXShellScriptBuildPhase;
			buildActionMask = 2147483647;
			files = (
			);
			inputPaths = (
			);
			name = "Refresh Python source";
			outputPaths = (
			);
			runOnlyForDeploymentPostprocessing = 0;
			shellPath = /bin/sh;
			shellScript = "";
		};
/* End PBXShellScriptBuildPhase section */

/* Begin PBXSourcesBuildPhase section */
		60796EDE19190F4100A9926B /* Sources */ = {
			isa = PBXSourcesBuildPhase;
			buildActionMask = 2147483647;
			files = (
				60796EF219190F4100A9926B /* main.m in Sources */,
			);
			runOnlyForDeploymentPostprocessing = 0;
		};
/* End PBXSourcesBuildPhase section */

/* Begin PBXVariantGroup section */
		60796EEE19190F4100A9926B /* InfoPlist.strings */ = {
			isa = PBXVariantGroup;
			children = (
				60796EEF19190F4100A9926B /* en */,
			);
			name = InfoPlist.strings;
			sourceTree = "<group>";
		};
/* End PBXVariantGroup section */

/* Begin XCBuildConfiguration section */
		60796F0C19190F4100A9926B /* Debug */ = {
			isa = XCBuildConfiguration;
			buildSettings = {
				ALWAYS_SEARCH_USER_PATHS = NO;
				CLANG_CXX_LANGUAGE_STANDARD = "gnu++0x";
				CLANG_CXX_LIBRARY = "libc++";
				CLANG_ENABLE_MODULES = YES;
				CLANG_ENABLE_OBJC_ARC = YES;
				CLANG_WARN_BOOL_CONVERSION = YES;
				CLANG_WARN_CONSTANT_CONVERSION = YES;
				CLANG_WARN_DIRECT_OBJC_ISA_USAGE = YES_ERROR;
				CLANG_WARN_EMPTY_BODY = YES;
				CLANG_WARN_ENUM_CONVERSION = YES;
				CLANG_WARN_INFINITE_RECURSION = YES;
				CLANG_WARN_INT_CONVERSION = YES;
				CLANG_WARN_OBJC_ROOT_CLASS = YES_ERROR;
				CLANG_WARN_SUSPICIOUS_MOVE = YES;
				CLANG_WARN_UNREACHABLE_CODE = YES;
				CLANG_WARN__DUPLICATE_METHOD_MATCH = YES;
				"CODE_SIGN_IDENTITY[sdk=iphoneos*]" = "iPhone Developer";
				COPY_PHASE_STRIP = NO;
				ENABLE_STRICT_OBJC_MSGSEND = YES;
				ENABLE_TESTABILITY = YES;
				GCC_C_LANGUAGE_STANDARD = gnu99;
				GCC_DYNAMIC_NO_PIC = NO;
				GCC_NO_COMMON_BLOCKS = YES;
				GCC_OPTIMIZATION_LEVEL = 0;
				GCC_PREPROCESSOR_DEFINITIONS = (
					"DEBUG=1",
					"$(inherited)",
				);
				GCC_SYMBOLS_PRIVATE_EXTERN = NO;
				GCC_WARN_64_TO_32_BIT_CONVERSION = YES;
				GCC_WARN_ABOUT_RETURN_TYPE = YES_ERROR;
				GCC_WARN_UNDECLARED_SELECTOR = YES;
				GCC_WARN_UNINITIALIZED_AUTOS = YES_AGGRESSIVE;
				GCC_WARN_UNUSED_FUNCTION = YES;
				GCC_WARN_UNUSED_VARIABLE = YES;
				IPHONEOS_DEPLOYMENT_TARGET = 8.0;
				ONLY_ACTIVE_ARCH = YES;
				SDKROOT = iphoneos;
				TARGETED_DEVICE_FAMILY = "1,2";
			};
			name = Debug;
		};
		60796F0D19190F4100A9926B /* Release */ = {
			isa = XCBuildConfiguration;
			buildSettings = {
				ALWAYS_SEARCH_USER_PATHS = NO;
				CLANG_CXX_LANGUAGE_STANDARD = "gnu++0x";
				CLANG_CXX_LIBRARY = "libc++";
				CLANG_ENABLE_MODULES = YES;
				CLANG_ENABLE_OBJC_ARC = YES;
				CLANG_WARN_BOOL_CONVERSION = YES;
				CLANG_WARN_CONSTANT_CONVERSION = YES;
				CLANG_WARN_DIRECT_OBJC_ISA_USAGE = YES_ERROR;
				CLANG_WARN_EMPTY_BODY = YES;
				CLANG_WARN_ENUM_CONVERSION = YES;
				CLANG_WARN_INFINITE_RECURSION = YES;
				CLANG_WARN_INT_CONVERSION = YES;
				CLANG_WARN_OBJC_ROOT_CLASS = YES_ERROR;
				CLANG_WARN_SUSPICIOUS_MOVE = YES;
				CLANG_WARN_UNREACHABLE_CODE = YES;
				CLANG_WARN__DUPLICATE_METHOD_MATCH = YES;
				"CODE_SIGN_IDENTITY[sdk=iphoneos*]" = "iPhone Developer";
				COPY_PHASE_STRIP = YES;
				ENABLE_NS_ASSERTIONS = NO;
				ENABLE_STRICT_OBJC_MSGSEND = YES;
				GCC_C_LANGUAGE_STANDARD = gnu99;
				GCC_NO_COMMON_BLOCKS = YES;
				GCC_WARN_64_TO_32_BIT_CONVERSION = YES;
				GCC_WARN_ABOUT_RETURN_TYPE = YES_ERROR;
				GCC_WARN_UNDECLARED_SELECTOR = YES;
				GCC_WARN_UNINITIALIZED_AUTOS = YES_AGGRESSIVE;
				GCC_WARN_UNUSED_FUNCTION = YES;
				GCC_WARN_UNUSED_VARIABLE = YES;
				IPHONEOS_DEPLOYMENT_TARGET = 8.0;
				SDKROOT = iphoneos;
				TARGETED_DEVICE_FAMILY = "1,2";
				VALIDATE_PRODUCT = YES;
			};
			name = Release;
		};
		60796F0F19190F4100A9926B /* Debug */ = {
			isa = XCBuildConfiguration;
			buildSettings = {
				ASSETCATALOG_COMPILER_APPICON_NAME = AppIcon;
				ASSETCATALOG_COMPILER_LAUNCHIMAGE_NAME = LaunchImage;
				DEVELOPMENT_TEAM = W85HQ8L7J9;
				FRAMEWORK_SEARCH_PATHS = (
					"$(inherited)",
					"$(PROJECT_DIR)",
					"$(PROJECT_DIR)/../import",
				);
				GCC_PRECOMPILE_PREFIX_HEADER = YES;
				GCC_PREFIX_HEADER = "../src/HelloPython/HelloPython-Prefix.pch";
				HEADER_SEARCH_PATHS = (
					"$(inherited)",
					/Applications/Xcode.app/Contents/Developer/Toolchains/XcodeDefault.xctoolchain/usr/include,
					"\"$(PROJECT_DIR)/Python.framework/Resources/include/python2.7\"",
				);
				INFOPLIST_FILE = "../src/HelloPython/HelloPython-Info.plist";
				PRODUCT_BUNDLE_IDENTIFIER = com.tencent.python;
				PRODUCT_NAME = "$(TARGET_NAME)";
				PROVISIONING_PROFILE = "2f7ea342-234e-49c7-a9d2-996c9560c414";
				PROVISIONING_PROFILE_SPECIFIER = development;
				USER_HEADER_SEARCH_PATHS = include/python2.7;
				WRAPPER_EXTENSION = app;
			};
			name = Debug;
		};
		60796F1019190F4100A9926B /* Release */ = {
			isa = XCBuildConfiguration;
			buildSettings = {
				ASSETCATALOG_COMPILER_APPICON_NAME = AppIcon;
				ASSETCATALOG_COMPILER_LAUNCHIMAGE_NAME = LaunchImage;
				DEVELOPMENT_TEAM = "";
				FRAMEWORK_SEARCH_PATHS = (
					"$(inherited)",
					"$(PROJECT_DIR)",
					"$(PROJECT_DIR)/../import",
				);
				GCC_PRECOMPILE_PREFIX_HEADER = YES;
				GCC_PREFIX_HEADER = "../src/HelloPython/HelloPython-Prefix.pch";
				HEADER_SEARCH_PATHS = (
					"$(inherited)",
					/Applications/Xcode.app/Contents/Developer/Toolchains/XcodeDefault.xctoolchain/usr/include,
					"\"$(PROJECT_DIR)/Python.framework/Resources/include/python2.7\"",
				);
				INFOPLIST_FILE = "../src/HelloPython/HelloPython-Info.plist";
				PRODUCT_BUNDLE_IDENTIFIER = com.tencent.python;
				PRODUCT_NAME = "$(TARGET_NAME)";
				PROVISIONING_PROFILE_SPECIFIER = "";
				WRAPPER_EXTENSION = app;
			};
			name = Release;
		};
/* End XCBuildConfiguration section */

/* Begin XCConfigurationList section */
		60796EDD19190F4100A9926B /* Build configuration list for PBXProject "HelloPython" */ = {
			isa = XCConfigurationList;
			buildConfigurations = (
				60796F0C19190F4100A9926B /* Debug */,
				60796F0D19190F4100A9926B /* Release */,
			);
			defaultConfigurationIsVisible = 0;
			defaultConfigurationName = Release;
		};
		60796F0E19190F4100A9926B /* Build configuration list for PBXNativeTarget "HelloPython" */ = {
			isa = XCConfigurationList;
			buildConfigurations = (
				60796F0F19190F4100A9926B /* Debug */,
				60796F1019190F4100A9926B /* Release */,
			);
			defaultConfigurationIsVisible = 0;
			defaultConfigurationName = Release;
		};
/* End XCConfigurationList section */
	};
	rootObject = 60796EDA19190F4100A9926B /* Project object */;
}
